// !$*UTF8*$!
{
	archiveVersion = 1;
	classes = {
	};
	objectVersion = 46;
	objects = {

/* Begin PBXBuildFile section */
		482AAD791BCECB6A00FD4404 /* LandscapeNavigationController.swift in Sources */ = {isa = PBXBuildFile; fileRef = 482AAD781BCECB6A00FD4404 /* LandscapeNavigationController.swift */; settings = {ASSET_TAGS = (); }; };
		482AAD7B1BCECE6E00FD4404 /* BasketViewController.swift in Sources */ = {isa = PBXBuildFile; fileRef = 482AAD7A1BCECE6E00FD4404 /* BasketViewController.swift */; settings = {ASSET_TAGS = (); }; };
		4871D4D51BCDA91B00C174DA /* TipViewController.swift in Sources */ = {isa = PBXBuildFile; fileRef = 4871D4D41BCDA91B00C174DA /* TipViewController.swift */; settings = {ASSET_TAGS = (); }; };
		4882C1C81BC4977800BB7704 /* Tips.storyboard in Resources */ = {isa = PBXBuildFile; fileRef = 4882C1C71BC4977800BB7704 /* Tips.storyboard */; settings = {ASSET_TAGS = (); }; };
		4891941B1BC04FC700136BAB /* AppDelegate.swift in Sources */ = {isa = PBXBuildFile; fileRef = 4891941A1BC04FC700136BAB /* AppDelegate.swift */; };
		4891941D1BC04FC700136BAB /* SelectPaymentCardViewController.swift in Sources */ = {isa = PBXBuildFile; fileRef = 4891941C1BC04FC700136BAB /* SelectPaymentCardViewController.swift */; };
		489194201BC04FC700136BAB /* Main.storyboard in Resources */ = {isa = PBXBuildFile; fileRef = 4891941E1BC04FC700136BAB /* Main.storyboard */; };
		489194221BC04FC700136BAB /* Assets.xcassets in Resources */ = {isa = PBXBuildFile; fileRef = 489194211BC04FC700136BAB /* Assets.xcassets */; };
		489194251BC04FC700136BAB /* LaunchScreen.storyboard in Resources */ = {isa = PBXBuildFile; fileRef = 489194231BC04FC700136BAB /* LaunchScreen.storyboard */; };
		489194301BC04FC700136BAB /* OrientationDemoTests.swift in Sources */ = {isa = PBXBuildFile; fileRef = 4891942F1BC04FC700136BAB /* OrientationDemoTests.swift */; };
		4891943B1BC04FC800136BAB /* OrientationDemoUITests.swift in Sources */ = {isa = PBXBuildFile; fileRef = 4891943A1BC04FC800136BAB /* OrientationDemoUITests.swift */; };
		489194491BC050EC00136BAB /* EnterCardViewController.swift in Sources */ = {isa = PBXBuildFile; fileRef = 489194481BC050EC00136BAB /* EnterCardViewController.swift */; settings = {ASSET_TAGS = (); }; };
/* End PBXBuildFile section */

/* Begin PBXContainerItemProxy section */
		4891942C1BC04FC700136BAB /* PBXContainerItemProxy */ = {
			isa = PBXContainerItemProxy;
			containerPortal = 4891940F1BC04FC700136BAB /* Project object */;
			proxyType = 1;
			remoteGlobalIDString = 489194161BC04FC700136BAB;
			remoteInfo = OrientationDemo;
		};
		489194371BC04FC700136BAB /* PBXContainerItemProxy */ = {
			isa = PBXContainerItemProxy;
			containerPortal = 4891940F1BC04FC700136BAB /* Project object */;
			proxyType = 1;
			remoteGlobalIDString = 489194161BC04FC700136BAB;
			remoteInfo = OrientationDemo;
		};
/* End PBXContainerItemProxy section */

/* Begin PBXFileReference section */
		482AAD781BCECB6A00FD4404 /* LandscapeNavigationController.swift */ = {isa = PBXFileReference; fileEncoding = 4; lastKnownFileType = sourcecode.swift; path = LandscapeNavigationController.swift; sourceTree = "<group>"; };
		482AAD7A1BCECE6E00FD4404 /* BasketViewController.swift */ = {isa = PBXFileReference; fileEncoding = 4; lastKnownFileType = sourcecode.swift; path = BasketViewController.swift; sourceTree = "<group>"; };
		4871D4D41BCDA91B00C174DA /* TipViewController.swift */ = {isa = PBXFileReference; fileEncoding = 4; lastKnownFileType = sourcecode.swift; path = TipViewController.swift; sourceTree = "<group>"; };
		4882C1C71BC4977800BB7704 /* Tips.storyboard */ = {isa = PBXFileReference; fileEncoding = 4; lastKnownFileType = file.storyboard; path = Tips.storyboard; sourceTree = "<group>"; };
		489194171BC04FC700136BAB /* OrientationDemo.app */ = {isa = PBXFileReference; explicitFileType = wrapper.application; includeInIndex = 0; path = OrientationDemo.app; sourceTree = BUILT_PRODUCTS_DIR; };
		4891941A1BC04FC700136BAB /* AppDelegate.swift */ = {isa = PBXFileReference; lastKnownFileType = sourcecode.swift; path = AppDelegate.swift; sourceTree = "<group>"; };
		4891941C1BC04FC700136BAB /* SelectPaymentCardViewController.swift */ = {isa = PBXFileReference; lastKnownFileType = sourcecode.swift; path = SelectPaymentCardViewController.swift; sourceTree = "<group>"; };
		4891941F1BC04FC700136BAB /* Base */ = {isa = PBXFileReference; lastKnownFileType = file.storyboard; name = Base; path = Base.lproj/Main.storyboard; sourceTree = "<group>"; };
		489194211BC04FC700136BAB /* Assets.xcassets */ = {isa = PBXFileReference; lastKnownFileType = folder.assetcatalog; path = Assets.xcassets; sourceTree = "<group>"; };
		489194241BC04FC700136BAB /* Base */ = {isa = PBXFileReference; lastKnownFileType = file.storyboard; name = Base; path = Base.lproj/LaunchScreen.storyboard; sourceTree = "<group>"; };
		489194261BC04FC700136BAB /* Info.plist */ = {isa = PBXFileReference; lastKnownFileType = text.plist.xml; path = Info.plist; sourceTree = "<group>"; };
		4891942B1BC04FC700136BAB /* OrientationDemoTests.xctest */ = {isa = PBXFileReference; explicitFileType = wrapper.cfbundle; includeInIndex = 0; path = OrientationDemoTests.xctest; sourceTree = BUILT_PRODUCTS_DIR; };
		4891942F1BC04FC700136BAB /* OrientationDemoTests.swift */ = {isa = PBXFileReference; lastKnownFileType = sourcecode.swift; path = OrientationDemoTests.swift; sourceTree = "<group>"; };
		489194311BC04FC700136BAB /* Info.plist */ = {isa = PBXFileReference; lastKnownFileType = text.plist.xml; path = Info.plist; sourceTree = "<group>"; };
		489194361BC04FC700136BAB /* OrientationDemoUITests.xctest */ = {isa = PBXFileReference; explicitFileType = wrapper.cfbundle; includeInIndex = 0; path = OrientationDemoUITests.xctest; sourceTree = BUILT_PRODUCTS_DIR; };
		4891943A1BC04FC800136BAB /* OrientationDemoUITests.swift */ = {isa = PBXFileReference; lastKnownFileType = sourcecode.swift; path = OrientationDemoUITests.swift; sourceTree = "<group>"; };
		4891943C1BC04FC800136BAB /* Info.plist */ = {isa = PBXFileReference; lastKnownFileType = text.plist.xml; path = Info.plist; sourceTree = "<group>"; };
		489194481BC050EC00136BAB /* EnterCardViewController.swift */ = {isa = PBXFileReference; fileEncoding = 4; lastKnownFileType = sourcecode.swift; path = EnterCardViewController.swift; sourceTree = "<group>"; };
/* End PBXFileReference section */

/* Begin PBXFrameworksBuildPhase section */
		489194141BC04FC700136BAB /* Frameworks */ = {
			isa = PBXFrameworksBuildPhase;
			buildActionMask = 2147483647;
			files = (
			);
			runOnlyForDeploymentPostprocessing = 0;
		};
		489194281BC04FC700136BAB /* Frameworks */ = {
			isa = PBXFrameworksBuildPhase;
			buildActionMask = 2147483647;
			files = (
			);
			runOnlyForDeploymentPostprocessing = 0;
		};
		489194331BC04FC700136BAB /* Frameworks */ = {
			isa = PBXFrameworksBuildPhase;
			buildActionMask = 2147483647;
			files = (
			);
			runOnlyForDeploymentPostprocessing = 0;
		};
/* End PBXFrameworksBuildPhase section */

/* Begin PBXGroup section */
		4891940E1BC04FC700136BAB = {
			isa = PBXGroup;
			children = (
				489194191BC04FC700136BAB /* OrientationDemo */,
				4891942E1BC04FC700136BAB /* OrientationDemoTests */,
				489194391BC04FC700136BAB /* OrientationDemoUITests */,
				489194181BC04FC700136BAB /* Products */,
			);
			sourceTree = "<group>";
		};
		489194181BC04FC700136BAB /* Products */ = {
			isa = PBXGroup;
			children = (
				489194171BC04FC700136BAB /* OrientationDemo.app */,
				4891942B1BC04FC700136BAB /* OrientationDemoTests.xctest */,
				489194361BC04FC700136BAB /* OrientationDemoUITests.xctest */,
			);
			name = Products;
			sourceTree = "<group>";
		};
		489194191BC04FC700136BAB /* OrientationDemo */ = {
			isa = PBXGroup;
			children = (
				4891941A1BC04FC700136BAB /* AppDelegate.swift */,
				4891941C1BC04FC700136BAB /* SelectPaymentCardViewController.swift */,
				489194481BC050EC00136BAB /* EnterCardViewController.swift */,
				4891941E1BC04FC700136BAB /* Main.storyboard */,
				4882C1C71BC4977800BB7704 /* Tips.storyboard */,
				489194211BC04FC700136BAB /* Assets.xcassets */,
				489194231BC04FC700136BAB /* LaunchScreen.storyboard */,
				489194261BC04FC700136BAB /* Info.plist */,
				4871D4D41BCDA91B00C174DA /* TipViewController.swift */,
				482AAD781BCECB6A00FD4404 /* LandscapeNavigationController.swift */,
				482AAD7A1BCECE6E00FD4404 /* BasketViewController.swift */,
			);
			path = OrientationDemo;
			sourceTree = "<group>";
		};
		4891942E1BC04FC700136BAB /* OrientationDemoTests */ = {
			isa = PBXGroup;
			children = (
				4891942F1BC04FC700136BAB /* OrientationDemoTests.swift */,
				489194311BC04FC700136BAB /* Info.plist */,
			);
			path = OrientationDemoTests;
			sourceTree = "<group>";
		};
		489194391BC04FC700136BAB /* OrientationDemoUITests */ = {
			isa = PBXGroup;
			children = (
				4891943A1BC04FC800136BAB /* OrientationDemoUITests.swift */,
				4891943C1BC04FC800136BAB /* Info.plist */,
			);
			path = OrientationDemoUITests;
			sourceTree = "<group>";
		};
/* End PBXGroup section */

/* Begin PBXNativeTarget section */
		489194161BC04FC700136BAB /* OrientationDemo */ = {
			isa = PBXNativeTarget;
			buildConfigurationList = 4891943F1BC04FC800136BAB /* Build configuration list for PBXNativeTarget "OrientationDemo" */;
			buildPhases = (
				489194131BC04FC700136BAB /* Sources */,
				489194141BC04FC700136BAB /* Frameworks */,
				489194151BC04FC700136BAB /* Resources */,
			);
			buildRules = (
			);
			dependencies = (
			);
			name = OrientationDemo;
			productName = OrientationDemo;
			productReference = 489194171BC04FC700136BAB /* OrientationDemo.app */;
			productType = "com.apple.product-type.application";
		};
		4891942A1BC04FC700136BAB /* OrientationDemoTests */ = {
			isa = PBXNativeTarget;
			buildConfigurationList = 489194421BC04FC800136BAB /* Build configuration list for PBXNativeTarget "OrientationDemoTests" */;
			buildPhases = (
				489194271BC04FC700136BAB /* Sources */,
				489194281BC04FC700136BAB /* Frameworks */,
				489194291BC04FC700136BAB /* Resources */,
			);
			buildRules = (
			);
			dependencies = (
				4891942D1BC04FC700136BAB /* PBXTargetDependency */,
			);
			name = OrientationDemoTests;
			productName = OrientationDemoTests;
			productReference = 4891942B1BC04FC700136BAB /* OrientationDemoTests.xctest */;
			productType = "com.apple.product-type.bundle.unit-test";
		};
		489194351BC04FC700136BAB /* OrientationDemoUITests */ = {
			isa = PBXNativeTarget;
			buildConfigurationList = 489194451BC04FC800136BAB /* Build configuration list for PBXNativeTarget "OrientationDemoUITests" */;
			buildPhases = (
				489194321BC04FC700136BAB /* Sources */,
				489194331BC04FC700136BAB /* Frameworks */,
				489194341BC04FC700136BAB /* Resources */,
			);
			buildRules = (
			);
			dependencies = (
				489194381BC04FC700136BAB /* PBXTargetDependency */,
			);
			name = OrientationDemoUITests;
			productName = OrientationDemoUITests;
			productReference = 489194361BC04FC700136BAB /* OrientationDemoUITests.xctest */;
			productType = "com.apple.product-type.bundle.ui-testing";
		};
/* End PBXNativeTarget section */

/* Begin PBXProject section */
		4891940F1BC04FC700136BAB /* Project object */ = {
			isa = PBXProject;
			attributes = {
				LastUpgradeCheck = 0700;
				ORGANIZATIONNAME = "Patel, Ashish";
				TargetAttributes = {
					489194161BC04FC700136BAB = {
						CreatedOnToolsVersion = 7.0.1;
					};
					4891942A1BC04FC700136BAB = {
						CreatedOnToolsVersion = 7.0.1;
						TestTargetID = 489194161BC04FC700136BAB;
					};
					489194351BC04FC700136BAB = {
						CreatedOnToolsVersion = 7.0.1;
						TestTargetID = 489194161BC04FC700136BAB;
					};
				};
			};
			buildConfigurationList = 489194121BC04FC700136BAB /* Build configuration list for PBXProject "OrientationDemo" */;
			compatibilityVersion = "Xcode 3.2";
			developmentRegion = English;
			hasScannedForEncodings = 0;
			knownRegions = (
				en,
				Base,
			);
			mainGroup = 4891940E1BC04FC700136BAB;
			productRefGroup = 489194181BC04FC700136BAB /* Products */;
			projectDirPath = "";
			projectRoot = "";
			targets = (
				489194161BC04FC700136BAB /* OrientationDemo */,
				4891942A1BC04FC700136BAB /* OrientationDemoTests */,
				489194351BC04FC700136BAB /* OrientationDemoUITests */,
			);
		};
/* End PBXProject section */

/* Begin PBXResourcesBuildPhase section */
		489194151BC04FC700136BAB /* Resources */ = {
			isa = PBXResourcesBuildPhase;
			buildActionMask = 2147483647;
			files = (
				489194251BC04FC700136BAB /* LaunchScreen.storyboard in Resources */,
				489194221BC04FC700136BAB /* Assets.xcassets in Resources */,
				4882C1C81BC4977800BB7704 /* Tips.storyboard in Resources */,
				489194201BC04FC700136BAB /* Main.storyboard in Resources */,
			);
			runOnlyForDeploymentPostprocessing = 0;
		};
		489194291BC04FC700136BAB /* Resources */ = {
			isa = PBXResourcesBuildPhase;
			buildActionMask = 2147483647;
			files = (
			);
			runOnlyForDeploymentPostprocessing = 0;
		};
		489194341BC04FC700136BAB /* Resources */ = {
			isa = PBXResourcesBuildPhase;
			buildActionMask = 2147483647;
			files = (
			);
			runOnlyForDeploymentPostprocessing = 0;
		};
/* End PBXResourcesBuildPhase section */

/* Begin PBXSourcesBuildPhase section */
		489194131BC04FC700136BAB /* Sources */ = {
			isa = PBXSourcesBuildPhase;
			buildActionMask = 2147483647;
			files = (
				482AAD7B1BCECE6E00FD4404 /* BasketViewController.swift in Sources */,
				4891941D1BC04FC700136BAB /* SelectPaymentCardViewController.swift in Sources */,
				4891941B1BC04FC700136BAB /* AppDelegate.swift in Sources */,
				4871D4D51BCDA91B00C174DA /* TipViewController.swift in Sources */,
				489194491BC050EC00136BAB /* EnterCardViewController.swift in Sources */,
				482AAD791BCECB6A00FD4404 /* LandscapeNavigationController.swift in Sources */,
			);
			runOnlyForDeploymentPostprocessing = 0;
		};
		489194271BC04FC700136BAB /* Sources */ = {
			isa = PBXSourcesBuildPhase;
			buildActionMask = 2147483647;
			files = (
				489194301BC04FC700136BAB /* OrientationDemoTests.swift in Sources */,
			);
			runOnlyForDeploymentPostprocessing = 0;
		};
		489194321BC04FC700136BAB /* Sources */ = {
			isa = PBXSourcesBuildPhase;
			buildActionMask = 2147483647;
			files = (
				4891943B1BC04FC800136BAB /* OrientationDemoUITests.swift in Sources */,
			);
			runOnlyForDeploymentPostprocessing = 0;
		};
/* End PBXSourcesBuildPhase section */

/* Begin PBXTargetDependency section */
		4891942D1BC04FC700136BAB /* PBXTargetDependency */ = {
			isa = PBXTargetDependency;
			target = 489194161BC04FC700136BAB /* OrientationDemo */;
			targetProxy = 4891942C1BC04FC700136BAB /* PBXContainerItemProxy */;
		};
		489194381BC04FC700136BAB /* PBXTargetDependency */ = {
			isa = PBXTargetDependency;
			target = 489194161BC04FC700136BAB /* OrientationDemo */;
			targetProxy = 489194371BC04FC700136BAB /* PBXContainerItemProxy */;
		};
/* End PBXTargetDependency section */

/* Begin PBXVariantGroup section */
		4891941E1BC04FC700136BAB /* Main.storyboard */ = {
			isa = PBXVariantGroup;
			children = (
				4891941F1BC04FC700136BAB /* Base */,
			);
			name = Main.storyboard;
			sourceTree = "<group>";
		};
		489194231BC04FC700136BAB /* LaunchScreen.storyboard */ = {
			isa = PBXVariantGroup;
			children = (
				489194241BC04FC700136BAB /* Base */,
			);
			name = LaunchScreen.storyboard;
			sourceTree = "<group>";
		};
/* End PBXVariantGroup section */

/* Begin XCBuildConfiguration section */
		4891943D1BC04FC800136BAB /* Debug */ = {
			isa = XCBuildConfiguration;
			buildSettings = {
				ALWAYS_SEARCH_USER_PATHS = NO;
				CLANG_CXX_LANGUAGE_STANDARD = "gnu++0x";
				CLANG_CXX_LIBRARY = "libc++";
				CLANG_ENABLE_MODULES = YES;
				CLANG_ENABLE_OBJC_ARC = YES;
				CLANG_WARN_BOOL_CONVERSION = YES;
				CLANG_WARN_CONSTANT_CONVERSION = YES;
				CLANG_WARN_DIRECT_OBJC_ISA_USAGE = YES_ERROR;
				CLANG_WARN_EMPTY_BODY = YES;
				CLANG_WARN_ENUM_CONVERSION = YES;
				CLANG_WARN_INT_CONVERSION = YES;
				CLANG_WARN_OBJC_ROOT_CLASS = YES_ERROR;
				CLANG_WARN_UNREACHABLE_CODE = YES;
				CLANG_WARN__DUPLICATE_METHOD_MATCH = YES;
				"CODE_SIGN_IDENTITY[sdk=iphoneos*]" = "iPhone Developer";
				COPY_PHASE_STRIP = NO;
				DEBUG_INFORMATION_FORMAT = dwarf;
				ENABLE_STRICT_OBJC_MSGSEND = YES;
				ENABLE_TESTABILITY = YES;
				GCC_C_LANGUAGE_STANDARD = gnu99;
				GCC_DYNAMIC_NO_PIC = NO;
				GCC_NO_COMMON_BLOCKS = YES;
				GCC_OPTIMIZATION_LEVEL = 0;
				GCC_PREPROCESSOR_DEFINITIONS = (
					"DEBUG=1",
					"$(inherited)",
				);
				GCC_WARN_64_TO_32_BIT_CONVERSION = YES;
				GCC_WARN_ABOUT_RETURN_TYPE = YES_ERROR;
				GCC_WARN_UNDECLARED_SELECTOR = YES;
				GCC_WARN_UNINITIALIZED_AUTOS = YES_AGGRESSIVE;
				GCC_WARN_UNUSED_FUNCTION = YES;
				GCC_WARN_UNUSED_VARIABLE = YES;
				IPHONEOS_DEPLOYMENT_TARGET = 9.0;
				MTL_ENABLE_DEBUG_INFO = YES;
				ONLY_ACTIVE_ARCH = YES;
				SDKROOT = iphoneos;
				SWIFT_OPTIMIZATION_LEVEL = "-Onone";
			};
			name = Debug;
		};
		4891943E1BC04FC800136BAB /* Release */ = {
			isa = XCBuildConfiguration;
			buildSettings = {
				ALWAYS_SEARCH_USER_PATHS = NO;
				CLANG_CXX_LANGUAGE_STANDARD = "gnu++0x";
				CLANG_CXX_LIBRARY = "libc++";
				CLANG_ENABLE_MODULES = YES;
				CLANG_ENABLE_OBJC_ARC = YES;
				CLANG_WARN_BOOL_CONVERSION = YES;
				CLANG_WARN_CONSTANT_CONVERSION = YES;
				CLANG_WARN_DIRECT_OBJC_ISA_USAGE = YES_ERROR;
				CLANG_WARN_EMPTY_BODY = YES;
				CLANG_WARN_ENUM_CONVERSION = YES;
				CLANG_WARN_INT_CONVERSION = YES;
				CLANG_WARN_OBJC_ROOT_CLASS = YES_ERROR;
				CLANG_WARN_UNREACHABLE_CODE = YES;
				CLANG_WARN__DUPLICATE_METHOD_MATCH = YES;
				"CODE_SIGN_IDENTITY[sdk=iphoneos*]" = "iPhone Developer";
				COPY_PHASE_STRIP = NO;
				DEBUG_INFORMATION_FORMAT = "dwarf-with-dsym";
				ENABLE_NS_ASSERTIONS = NO;
				ENABLE_STRICT_OBJC_MSGSEND = YES;
				GCC_C_LANGUAGE_STANDARD = gnu99;
				GCC_NO_COMMON_BLOCKS = YES;
				GCC_WARN_64_TO_32_BIT_CONVERSION = YES;
				GCC_WARN_ABOUT_RETURN_TYPE = YES_ERROR;
				GCC_WARN_UNDECLARED_SELECTOR = YES;
				GCC_WARN_UNINITIALIZED_AUTOS = YES_AGGRESSIVE;
				GCC_WARN_UNUSED_FUNCTION = YES;
				GCC_WARN_UNUSED_VARIABLE = YES;
				IPHONEOS_DEPLOYMENT_TARGET = 9.0;
				MTL_ENABLE_DEBUG_INFO = NO;
				SDKROOT = iphoneos;
				VALIDATE_PRODUCT = YES;
			};
			name = Release;
		};
		489194401BC04FC800136BAB /* Debug */ = {
			isa = XCBuildConfiguration;
			buildSettings = {
				ASSETCATALOG_COMPILER_APPICON_NAME = AppIcon;
				INFOPLIST_FILE = OrientationDemo/Info.plist;
				IPHONEOS_DEPLOYMENT_TARGET = 8.0;
				LD_RUNPATH_SEARCH_PATHS = "$(inherited) @executable_path/Frameworks";
				PRODUCT_BUNDLE_IDENTIFIER = com.avgtechie.OrientationDemo;
				PRODUCT_NAME = "$(TARGET_NAME)";
			};
			name = Debug;
		};
		489194411BC04FC800136BAB /* Release */ = {
			isa = XCBuildConfiguration;
			buildSettings = {
				ASSETCATALOG_COMPILER_APPICON_NAME = AppIcon;
				INFOPLIST_FILE = OrientationDemo/Info.plist;
				IPHONEOS_DEPLOYMENT_TARGET = 8.0;
				LD_RUNPATH_SEARCH_PATHS = "$(inherited) @executable_path/Frameworks";
				PRODUCT_BUNDLE_IDENTIFIER = com.avgtechie.OrientationDemo;
				PRODUCT_NAME = "$(TARGET_NAME)";
			};
			name = Release;
		};
		489194431BC04FC800136BAB /* Debug */ = {
			isa = XCBuildConfiguration;
			buildSettings = {
				BUNDLE_LOADER = "$(TEST_HOST)";
				INFOPLIST_FILE = OrientationDemoTests/Info.plist;
				LD_RUNPATH_SEARCH_PATHS = "$(inherited) @executable_path/Frameworks @loader_path/Frameworks";
				PRODUCT_BUNDLE_IDENTIFIER = com.avgtechie.OrientationDemoTests;
				PRODUCT_NAME = "$(TARGET_NAME)";
				TEST_HOST = "$(BUILT_PRODUCTS_DIR)/OrientationDemo.app/OrientationDemo";
			};
			name = Debug;
		};
		489194441BC04FC800136BAB /* Release */ = {
			isa = XCBuildConfiguration;
			buildSettings = {
				BUNDLE_LOADER = "$(TEST_HOST)";
				INFOPLIST_FILE = OrientationDemoTests/Info.plist;
				LD_RUNPATH_SEARCH_PATHS = "$(inherited) @executable_path/Frameworks @loader_path/Frameworks";
				PRODUCT_BUNDLE_IDENTIFIER = com.avgtechie.OrientationDemoTests;
				PRODUCT_NAME = "$(TARGET_NAME)";
				TEST_HOST = "$(BUILT_PRODUCTS_DIR)/OrientationDemo.app/OrientationDemo";
			};
			name = Release;
		};
		489194461BC04FC800136BAB /* Debug */ = {
			isa = XCBuildConfiguration;
			buildSettings = {
				INFOPLIST_FILE = OrientationDemoUITests/Info.plist;
				LD_RUNPATH_SEARCH_PATHS = "$(inherited) @executable_path/Frameworks @loader_path/Frameworks";
				PRODUCT_BUNDLE_IDENTIFIER = com.avgtechie.OrientationDemoUITests;
				PRODUCT_NAME = "$(TARGET_NAME)";
				TEST_TARGET_NAME = OrientationDemo;
				USES_XCTRUNNER = YES;
			};
			name = Debug;
		};
		489194471BC04FC800136BAB /* Release */ = {
			isa = XCBuildConfiguration;
			buildSettings = {
				INFOPLIST_FILE = OrientationDemoUITests/Info.plist;
				LD_RUNPATH_SEARCH_PATHS = "$(inherited) @executable_path/Frameworks @loader_path/Frameworks";
				PRODUCT_BUNDLE_IDENTIFIER = com.avgtechie.OrientationDemoUITests;
				PRODUCT_NAME = "$(TARGET_NAME)";
				TEST_TARGET_NAME = OrientationDemo;
				USES_XCTRUNNER = YES;
			};
			name = Release;
		};
/* End XCBuildConfiguration section */

/* Begin XCConfigurationList section */
		489194121BC04FC700136BAB /* Build configuration list for PBXProject "OrientationDemo" */ = {
			isa = XCConfigurationList;
			buildConfigurations = (
				4891943D1BC04FC800136BAB /* Debug */,
				4891943E1BC04FC800136BAB /* Release */,
			);
			defaultConfigurationIsVisible = 0;
			defaultConfigurationName = Release;
		};
		4891943F1BC04FC800136BAB /* Build configuration list for PBXNativeTarget "OrientationDemo" */ = {
			isa = XCConfigurationList;
			buildConfigurations = (
				489194401BC04FC800136BAB /* Debug */,
				489194411BC04FC800136BAB /* Release */,
			);
			defaultConfigurationIsVisible = 0;
			defaultConfigurationName = Release;
		};
		489194421BC04FC800136BAB /* Build configuration list for PBXNativeTarget "OrientationDemoTests" */ = {
			isa = XCConfigurationList;
			buildConfigurations = (
				489194431BC04FC800136BAB /* Debug */,
				489194441BC04FC800136BAB /* Release */,
			);
			defaultConfigurationIsVisible = 0;
			defaultConfigurationName = Release;
		};
		489194451BC04FC800136BAB /* Build configuration list for PBXNativeTarget "OrientationDemoUITests" */ = {
			isa = XCConfigurationList;
			buildConfigurations = (
				489194461BC04FC800136BAB /* Debug */,
				489194471BC04FC800136BAB /* Release */,
			);
			defaultConfigurationIsVisible = 0;
			defaultConfigurationName = Release;
		};
/* End XCConfigurationList section */
	};
	rootObject = 4891940F1BC04FC700136BAB /* Project object */;
}
